
Microsoft Visual Studio Solution File, Format Version 12.00
# Visual Studio Version 17
VisualStudioVersion = 17.3.32825.248
MinimumVisualStudioVersion = 10.0.40219.1
Project("{9A19103F-16F7-4668-BE54-9A1E7A4F7556}") = "KobeTaiGuidance_API", "KobeTaiGuidance_API\KobeTaiGuidance_API.csproj", "{B9448C15-5DB9-4F6F-9D81-25B463781484}"
EndProject
Project("{9A19103F-16F7-4668-BE54-9A1E7A4F7556}") = "KobeTaiGuidance_Client", "KobeTaiGuidance_Client\KobeTaiGuidance_Client.csproj", "{7434EA78-3BE1-4DB7-BE28-4FCFDEDB6B56}"
EndProject
Project("{FAE04EC0-301F-11D3-BF4B-00C04F79EFBC}") = "KobeTaiGuidane_ClassLibrary", "KobeTaiGuidane_ClassLibrary\KobeTaiGuidane_ClassLibrary.csproj", "{9FB7459D-7E61-404D-8177-69DF48740FD3}"
EndProject
Global
	GlobalSection(SolutionConfigurationPlatforms) = preSolution
		Debug|Any CPU = Debug|Any CPU
		Release|Any CPU = Release|Any CPU
	EndGlobalSection
	GlobalSection(ProjectConfigurationPlatforms) = postSolution
		{B9448C15-5DB9-4F6F-9D81-25B463781484}.Debug|Any CPU.ActiveCfg = Debug|Any CPU
		{B9448C15-5DB9-4F6F-9D81-25B463781484}.Debug|Any CPU.Build.0 = Debug|Any CPU
		{B9448C15-5DB9-4F6F-9D81-25B463781484}.Release|Any CPU.ActiveCfg = Release|Any CPU
		{B9448C15-5DB9-4F6F-9D81-25B463781484}.Release|Any CPU.Build.0 = Release|Any CPU
		{7434EA78-3BE1-4DB7-BE28-4FCFDEDB6B56}.Debug|Any CPU.ActiveCfg = Debug|Any CPU
		{7434EA78-3BE1-4DB7-BE28-4FCFDEDB6B56}.Debug|Any CPU.Build.0 = Debug|Any CPU
		{7434EA78-3BE1-4DB7-BE28-4FCFDEDB6B56}.Release|Any CPU.ActiveCfg = Release|Any CPU
		{7434EA78-3BE1-4DB7-BE28-4FCFDEDB6B56}.Release|Any CPU.Build.0 = Release|Any CPU
		{9FB7459D-7E61-404D-8177-69DF48740FD3}.Debug|Any CPU.ActiveCfg = Debug|Any CPU
		{9FB7459D-7E61-404D-8177-69DF48740FD3}.Debug|Any CPU.Build.0 = Debug|Any CPU
		{9FB7459D-7E61-404D-8177-69DF48740FD3}.Release|Any CPU.ActiveCfg = Release|Any CPU
		{9FB7459D-7E61-404D-8177-69DF48740FD3}.Release|Any CPU.Build.0 = Release|Any CPU
	EndGlobalSection
	GlobalSection(SolutionProperties) = preSolution
		HideSolutionNode = FALSE
	EndGlobalSection
	GlobalSection(ExtensibilityGlobals) = postSolution
		SolutionGuid = {0EF2C7F3-9266-4A58-875B-C59CADB9F570}
	EndGlobalSection
EndGlobal
